
Microsoft Visual Studio Solution File, Format Version 12.00
# Visual Studio Version 17
VisualStudioVersion = 17.14.36109.1 d17.14
MinimumVisualStudioVersion = 10.0.40219.1
Project("{FAE04EC0-301F-11D3-BF4B-00C04F79EFBC}") = "MottuPatio", "MottuPatio.csproj", "{52B8F1DB-7830-3236-394C-69CE4B2291CD}"
EndProject
Global
	GlobalSection(SolutionConfigurationPlatforms) = preSolution
		Debug|Any CPU = Debug|Any CPU
		Release|Any CPU = Release|Any CPU
	EndGlobalSection
	GlobalSection(ProjectConfigurationPlatforms) = postSolution
		{52B8F1DB-7830-3236-394C-69CE4B2291CD}.Debug|Any CPU.ActiveCfg = Debug|Any CPU
		{52B8F1DB-7830-3236-394C-69CE4B2291CD}.Debug|Any CPU.Build.0 = Debug|Any CPU
		{52B8F1DB-7830-3236-394C-69CE4B2291CD}.Release|Any CPU.ActiveCfg = Release|Any CPU
		{52B8F1DB-7830-3236-394C-69CE4B2291CD}.Release|Any CPU.Build.0 = Release|Any CPU
	EndGlobalSection
	GlobalSection(SolutionProperties) = preSolution
		HideSolutionNode = FALSE
	EndGlobalSection
	GlobalSection(ExtensibilityGlobals) = postSolution
		SolutionGuid = {D27CFE47-F40D-4C43-B5F4-9122E3F5FF07}
	EndGlobalSection
EndGlobal
